
Microsoft Visual Studio Solution File, Format Version 12.00
# Visual Studio Version 17
VisualStudioVersion = 17.1.32228.430
MinimumVisualStudioVersion = 10.0.40219.1
Project("{2150E333-8FDC-42A3-9474-1A3956D46DE8}") = "Services", "Services", "{58B0213C-AD7B-4F9D-9145-B0082003D527}"
EndProject
Project("{2150E333-8FDC-42A3-9474-1A3956D46DE8}") = "Product", "Product", "{9EB1641A-CF88-4787-B8A9-1D587F5BC083}"
EndProject
Project("{9A19103F-16F7-4668-BE54-9A1E7A4F7556}") = "Services.Product", "Services.Product\Services.Product.csproj", "{EB187E8C-C1ED-4B61-B8DC-03559BF31E10}"
EndProject
Project("{2150E333-8FDC-42A3-9474-1A3956D46DE8}") = "Orders", "Orders", "{EE8AA8C6-0CD7-45A6-8149-004879936421}"
EndProject
Project("{9A19103F-16F7-4668-BE54-9A1E7A4F7556}") = "Services.Order", "Services.Order\Services.Order.csproj", "{04DEEE50-CD3C-455D-8581-DA885E8F9282}"
EndProject
Project("{2150E333-8FDC-42A3-9474-1A3956D46DE8}") = "Job", "Job", "{90537741-B990-4E7E-99C8-7D8D520798EC}"
EndProject
Project("{2150E333-8FDC-42A3-9474-1A3956D46DE8}") = "Consumer", "Consumer", "{A27B37BC-D878-4886-8A6A-DC8A8FBE64C0}"
EndProject
Project("{2150E333-8FDC-42A3-9474-1A3956D46DE8}") = "Producer", "Producer", "{BFCC1270-133C-40A4-949F-59761CEB8DDC}"
EndProject
Project("{9A19103F-16F7-4668-BE54-9A1E7A4F7556}") = "Job.Producer", "Job.Producer\Job.Producer.csproj", "{A3394794-9FFC-4E05-B107-D9A743627F7B}"
EndProject
Project("{FAE04EC0-301F-11D3-BF4B-00C04F79EFBC}") = "Job.Consumer.Api", "Job.Consumer.Api\Job.Consumer.Api.csproj", "{0922514E-4B0C-4EE0-8C92-1374C70DF173}"
EndProject
Global
	GlobalSection(SolutionConfigurationPlatforms) = preSolution
		Debug|Any CPU = Debug|Any CPU
		Release|Any CPU = Release|Any CPU
	EndGlobalSection
	GlobalSection(ProjectConfigurationPlatforms) = postSolution
		{EB187E8C-C1ED-4B61-B8DC-03559BF31E10}.Debug|Any CPU.ActiveCfg = Debug|Any CPU
		{EB187E8C-C1ED-4B61-B8DC-03559BF31E10}.Debug|Any CPU.Build.0 = Debug|Any CPU
		{EB187E8C-C1ED-4B61-B8DC-03559BF31E10}.Release|Any CPU.ActiveCfg = Release|Any CPU
		{EB187E8C-C1ED-4B61-B8DC-03559BF31E10}.Release|Any CPU.Build.0 = Release|Any CPU
		{04DEEE50-CD3C-455D-8581-DA885E8F9282}.Debug|Any CPU.ActiveCfg = Debug|Any CPU
		{04DEEE50-CD3C-455D-8581-DA885E8F9282}.Debug|Any CPU.Build.0 = Debug|Any CPU
		{04DEEE50-CD3C-455D-8581-DA885E8F9282}.Release|Any CPU.ActiveCfg = Release|Any CPU
		{04DEEE50-CD3C-455D-8581-DA885E8F9282}.Release|Any CPU.Build.0 = Release|Any CPU
		{A3394794-9FFC-4E05-B107-D9A743627F7B}.Debug|Any CPU.ActiveCfg = Debug|Any CPU
		{A3394794-9FFC-4E05-B107-D9A743627F7B}.Debug|Any CPU.Build.0 = Debug|Any CPU
		{A3394794-9FFC-4E05-B107-D9A743627F7B}.Release|Any CPU.ActiveCfg = Release|Any CPU
		{A3394794-9FFC-4E05-B107-D9A743627F7B}.Release|Any CPU.Build.0 = Release|Any CPU
		{0922514E-4B0C-4EE0-8C92-1374C70DF173}.Debug|Any CPU.ActiveCfg = Debug|Any CPU
		{0922514E-4B0C-4EE0-8C92-1374C70DF173}.Debug|Any CPU.Build.0 = Debug|Any CPU
		{0922514E-4B0C-4EE0-8C92-1374C70DF173}.Release|Any CPU.ActiveCfg = Release|Any CPU
		{0922514E-4B0C-4EE0-8C92-1374C70DF173}.Release|Any CPU.Build.0 = Release|Any CPU
	EndGlobalSection
	GlobalSection(SolutionProperties) = preSolution
		HideSolutionNode = FALSE
	EndGlobalSection
	GlobalSection(NestedProjects) = preSolution
		{9EB1641A-CF88-4787-B8A9-1D587F5BC083} = {58B0213C-AD7B-4F9D-9145-B0082003D527}
		{EB187E8C-C1ED-4B61-B8DC-03559BF31E10} = {9EB1641A-CF88-4787-B8A9-1D587F5BC083}
		{EE8AA8C6-0CD7-45A6-8149-004879936421} = {58B0213C-AD7B-4F9D-9145-B0082003D527}
		{04DEEE50-CD3C-455D-8581-DA885E8F9282} = {EE8AA8C6-0CD7-45A6-8149-004879936421}
		{A27B37BC-D878-4886-8A6A-DC8A8FBE64C0} = {90537741-B990-4E7E-99C8-7D8D520798EC}
		{BFCC1270-133C-40A4-949F-59761CEB8DDC} = {90537741-B990-4E7E-99C8-7D8D520798EC}
		{A3394794-9FFC-4E05-B107-D9A743627F7B} = {BFCC1270-133C-40A4-949F-59761CEB8DDC}
		{0922514E-4B0C-4EE0-8C92-1374C70DF173} = {A27B37BC-D878-4886-8A6A-DC8A8FBE64C0}
	EndGlobalSection
	GlobalSection(ExtensibilityGlobals) = postSolution
		SolutionGuid = {89B20A18-7DAF-4CAB-ABAC-C12ECE9CC011}
	EndGlobalSection
EndGlobal
